
Microsoft Visual Studio Solution File, Format Version 12.00
# Visual Studio Version 16
VisualStudioVersion = 16.0.31624.102
MinimumVisualStudioVersion = 10.0.40219.1
Project("{FAE04EC0-301F-11D3-BF4B-00C04F79EFBC}") = "AP.Android", "AP\AP.Android\AP.Android.csproj", "{86F0E7B7-A67C-4890-96C2-A769B91F3B9B}"
EndProject
Project("{FAE04EC0-301F-11D3-BF4B-00C04F79EFBC}") = "AP.iOS", "AP\AP.iOS\AP.iOS.csproj", "{089FD64F-F854-49CA-AB42-920630E3D79D}"
EndProject
Project("{FAE04EC0-301F-11D3-BF4B-00C04F79EFBC}") = "AP", "AP\AP\AP.csproj", "{A1759DDA-E105-4A79-8BA5-374ACA5F8743}"
EndProject
Global
	GlobalSection(SolutionConfigurationPlatforms) = preSolution
		Debug|Any CPU = Debug|Any CPU
		Debug|iPhone = Debug|iPhone
		Debug|iPhoneSimulator = Debug|iPhoneSimulator
		Release|Any CPU = Release|Any CPU
		Release|iPhone = Release|iPhone
		Release|iPhoneSimulator = Release|iPhoneSimulator
	EndGlobalSection
	GlobalSection(ProjectConfigurationPlatforms) = postSolution
		{86F0E7B7-A67C-4890-96C2-A769B91F3B9B}.Debug|Any CPU.ActiveCfg = Debug|Any CPU
		{86F0E7B7-A67C-4890-96C2-A769B91F3B9B}.Debug|Any CPU.Build.0 = Debug|Any CPU
		{86F0E7B7-A67C-4890-96C2-A769B91F3B9B}.Debug|Any CPU.Deploy.0 = Debug|Any CPU
		{86F0E7B7-A67C-4890-96C2-A769B91F3B9B}.Debug|iPhone.ActiveCfg = Debug|Any CPU
		{86F0E7B7-A67C-4890-96C2-A769B91F3B9B}.Debug|iPhone.Build.0 = Debug|Any CPU
		{86F0E7B7-A67C-4890-96C2-A769B91F3B9B}.Debug|iPhone.Deploy.0 = Debug|Any CPU
		{86F0E7B7-A67C-4890-96C2-A769B91F3B9B}.Debug|iPhoneSimulator.ActiveCfg = Debug|Any CPU
		{86F0E7B7-A67C-4890-96C2-A769B91F3B9B}.Debug|iPhoneSimulator.Build.0 = Debug|Any CPU
		{86F0E7B7-A67C-4890-96C2-A769B91F3B9B}.Debug|iPhoneSimulator.Deploy.0 = Debug|Any CPU
		{86F0E7B7-A67C-4890-96C2-A769B91F3B9B}.Release|Any CPU.ActiveCfg = Release|Any CPU
		{86F0E7B7-A67C-4890-96C2-A769B91F3B9B}.Release|Any CPU.Build.0 = Release|Any CPU
		{86F0E7B7-A67C-4890-96C2-A769B91F3B9B}.Release|Any CPU.Deploy.0 = Release|Any CPU
		{86F0E7B7-A67C-4890-96C2-A769B91F3B9B}.Release|iPhone.ActiveCfg = Release|Any CPU
		{86F0E7B7-A67C-4890-96C2-A769B91F3B9B}.Release|iPhone.Build.0 = Release|Any CPU
		{86F0E7B7-A67C-4890-96C2-A769B91F3B9B}.Release|iPhone.Deploy.0 = Release|Any CPU
		{86F0E7B7-A67C-4890-96C2-A769B91F3B9B}.Release|iPhoneSimulator.ActiveCfg = Release|Any CPU
		{86F0E7B7-A67C-4890-96C2-A769B91F3B9B}.Release|iPhoneSimulator.Build.0 = Release|Any CPU
		{86F0E7B7-A67C-4890-96C2-A769B91F3B9B}.Release|iPhoneSimulator.Deploy.0 = Release|Any CPU
		{089FD64F-F854-49CA-AB42-920630E3D79D}.Debug|Any CPU.ActiveCfg = Debug|iPhone
		{089FD64F-F854-49CA-AB42-920630E3D79D}.Debug|Any CPU.Build.0 = Debug|iPhone
		{089FD64F-F854-49CA-AB42-920630E3D79D}.Debug|Any CPU.Deploy.0 = Debug|iPhone
		{089FD64F-F854-49CA-AB42-920630E3D79D}.Debug|iPhone.ActiveCfg = Debug|iPhone
		{089FD64F-F854-49CA-AB42-920630E3D79D}.Debug|iPhone.Build.0 = Debug|iPhone
		{089FD64F-F854-49CA-AB42-920630E3D79D}.Debug|iPhone.Deploy.0 = Debug|iPhone
		{089FD64F-F854-49CA-AB42-920630E3D79D}.Debug|iPhoneSimulator.ActiveCfg = Debug|iPhoneSimulator
		{089FD64F-F854-49CA-AB42-920630E3D79D}.Debug|iPhoneSimulator.Build.0 = Debug|iPhoneSimulator
		{089FD64F-F854-49CA-AB42-920630E3D79D}.Debug|iPhoneSimulator.Deploy.0 = Debug|iPhoneSimulator
		{089FD64F-F854-49CA-AB42-920630E3D79D}.Release|Any CPU.ActiveCfg = Release|iPhoneSimulator
		{089FD64F-F854-49CA-AB42-920630E3D79D}.Release|Any CPU.Build.0 = Release|iPhoneSimulator
		{089FD64F-F854-49CA-AB42-920630E3D79D}.Release|Any CPU.Deploy.0 = Release|iPhoneSimulator
		{089FD64F-F854-49CA-AB42-920630E3D79D}.Release|iPhone.ActiveCfg = Release|iPhone
		{089FD64F-F854-49CA-AB42-920630E3D79D}.Release|iPhone.Build.0 = Release|iPhone
		{089FD64F-F854-49CA-AB42-920630E3D79D}.Release|iPhone.Deploy.0 = Release|iPhone
		{089FD64F-F854-49CA-AB42-920630E3D79D}.Release|iPhoneSimulator.ActiveCfg = Release|iPhoneSimulator
		{089FD64F-F854-49CA-AB42-920630E3D79D}.Release|iPhoneSimulator.Build.0 = Release|iPhoneSimulator
		{089FD64F-F854-49CA-AB42-920630E3D79D}.Release|iPhoneSimulator.Deploy.0 = Release|iPhoneSimulator
		{A1759DDA-E105-4A79-8BA5-374ACA5F8743}.Debug|Any CPU.ActiveCfg = Debug|Any CPU
		{A1759DDA-E105-4A79-8BA5-374ACA5F8743}.Debug|Any CPU.Build.0 = Debug|Any CPU
		{A1759DDA-E105-4A79-8BA5-374ACA5F8743}.Debug|Any CPU.Deploy.0 = Debug|Any CPU
		{A1759DDA-E105-4A79-8BA5-374ACA5F8743}.Debug|iPhone.ActiveCfg = Debug|Any CPU
		{A1759DDA-E105-4A79-8BA5-374ACA5F8743}.Debug|iPhone.Build.0 = Debug|Any CPU
		{A1759DDA-E105-4A79-8BA5-374ACA5F8743}.Debug|iPhone.Deploy.0 = Debug|Any CPU
		{A1759DDA-E105-4A79-8BA5-374ACA5F8743}.Debug|iPhoneSimulator.ActiveCfg = Debug|Any CPU
		{A1759DDA-E105-4A79-8BA5-374ACA5F8743}.Debug|iPhoneSimulator.Build.0 = Debug|Any CPU
		{A1759DDA-E105-4A79-8BA5-374ACA5F8743}.Debug|iPhoneSimulator.Deploy.0 = Debug|Any CPU
		{A1759DDA-E105-4A79-8BA5-374ACA5F8743}.Release|Any CPU.ActiveCfg = Release|Any CPU
		{A1759DDA-E105-4A79-8BA5-374ACA5F8743}.Release|Any CPU.Build.0 = Release|Any CPU
		{A1759DDA-E105-4A79-8BA5-374ACA5F8743}.Release|Any CPU.Deploy.0 = Release|Any CPU
		{A1759DDA-E105-4A79-8BA5-374ACA5F8743}.Release|iPhone.ActiveCfg = Release|Any CPU
		{A1759DDA-E105-4A79-8BA5-374ACA5F8743}.Release|iPhone.Build.0 = Release|Any CPU
		{A1759DDA-E105-4A79-8BA5-374ACA5F8743}.Release|iPhone.Deploy.0 = Release|Any CPU
		{A1759DDA-E105-4A79-8BA5-374ACA5F8743}.Release|iPhoneSimulator.ActiveCfg = Release|Any CPU
		{A1759DDA-E105-4A79-8BA5-374ACA5F8743}.Release|iPhoneSimulator.Build.0 = Release|Any CPU
		{A1759DDA-E105-4A79-8BA5-374ACA5F8743}.Release|iPhoneSimulator.Deploy.0 = Release|Any CPU
	EndGlobalSection
	GlobalSection(SolutionProperties) = preSolution
		HideSolutionNode = FALSE
	EndGlobalSection
	GlobalSection(ExtensibilityGlobals) = postSolution
		SolutionGuid = {DFD89DD7-39B9-4D31-9426-CAE441AF94EA}
	EndGlobalSection
EndGlobal
